
Microsoft Visual Studio Solution File, Format Version 12.00
# Visual Studio 15
VisualStudioVersion = 15.0.27428.2037
MinimumVisualStudioVersion = 10.0.40219.1
Project("{9A19103F-16F7-4668-BE54-9A1E7A4F7556}") = "ItemSync", "ItemSync\ItemSync.csproj", "{80939851-4D75-494F-BE06-1098FDBA8E59}"
EndProject
Global
	GlobalSection(SolutionConfigurationPlatforms) = preSolution
		Debug|Any CPU = Debug|Any CPU
		Release|Any CPU = Release|Any CPU
	EndGlobalSection
	GlobalSection(ProjectConfigurationPlatforms) = postSolution
		{80939851-4D75-494F-BE06-1098FDBA8E59}.Debug|Any CPU.ActiveCfg = Debug|Any CPU
		{80939851-4D75-494F-BE06-1098FDBA8E59}.Debug|Any CPU.Build.0 = Debug|Any CPU
		{80939851-4D75-494F-BE06-1098FDBA8E59}.Release|Any CPU.ActiveCfg = Release|Any CPU
		{80939851-4D75-494F-BE06-1098FDBA8E59}.Release|Any CPU.Build.0 = Release|Any CPU
	EndGlobalSection
	GlobalSection(SolutionProperties) = preSolution
		HideSolutionNode = FALSE
	EndGlobalSection
	GlobalSection(ExtensibilityGlobals) = postSolution
		SolutionGuid = {D4F7A642-E12B-48C5-81BC-30CA01C2778D}
	EndGlobalSection
EndGlobal
