{
  "requires": true,
  "lockfileVersion": 1,
  "dependencies": {
    "serverless-binary-cors": {
      "version": "0.0.1",
      "resolved": "https://registry.npmjs.org/serverless-binary-cors/-/serverless-binary-cors-0.0.1.tgz",
      "integrity": "sha512-i37glxloiUOzeXiUpQVmYISgcHLr7TZbRgVwMLrYzPSoT0VZCPwt9o/HMY8zRJxSb7OynQpy/dUVed+5ADnuxQ=="
    }
  }
}
